
Microsoft Visual Studio Solution File, Format Version 12.00
# Visual Studio Version 17
VisualStudioVersion = 17.5.002.0
MinimumVisualStudioVersion = 10.0.40219.1
Project("{9A19103F-16F7-4668-BE54-9A1E7A4F7556}") = "BlazingPizza", "BlazingPizza.csproj", "{B9CD4C0A-5830-41FB-B733-3DFB6B05CDCA}"
EndProject
Global
	GlobalSection(SolutionConfigurationPlatforms) = preSolution
		Debug|Any CPU = Debug|Any CPU
		Release|Any CPU = Release|Any CPU
	EndGlobalSection
	GlobalSection(ProjectConfigurationPlatforms) = postSolution
		{B9CD4C0A-5830-41FB-B733-3DFB6B05CDCA}.Debug|Any CPU.ActiveCfg = Debug|Any CPU
		{B9CD4C0A-5830-41FB-B733-3DFB6B05CDCA}.Debug|Any CPU.Build.0 = Debug|Any CPU
		{B9CD4C0A-5830-41FB-B733-3DFB6B05CDCA}.Release|Any CPU.ActiveCfg = Release|Any CPU
		{B9CD4C0A-5830-41FB-B733-3DFB6B05CDCA}.Release|Any CPU.Build.0 = Release|Any CPU
	EndGlobalSection
	GlobalSection(SolutionProperties) = preSolution
		HideSolutionNode = FALSE
	EndGlobalSection
	GlobalSection(ExtensibilityGlobals) = postSolution
		SolutionGuid = {EC833A6B-675A-4908-9FC8-D369D936F126}
	EndGlobalSection
EndGlobal
